
Microsoft Visual Studio Solution File, Format Version 12.00
# Visual Studio Version 16
VisualStudioVersion = 16.0.30413.136
MinimumVisualStudioVersion = 10.0.40219.1
Project("{FAE04EC0-301F-11D3-BF4B-00C04F79EFBC}") = "MachineLearningApp", "MachineLearningApp\MachineLearningApp.csproj", "{6F15A131-E55C-48FB-8BF4-1E3CB62061FA}"
EndProject
Project("{9A19103F-16F7-4668-BE54-9A1E7A4F7556}") = "MachineLearningAppML.Model", "MachineLearningAppML.Model\MachineLearningAppML.Model.csproj", "{FCF5D43D-BA0E-42BA-96D8-E93D24A044C8}"
EndProject
Project("{9A19103F-16F7-4668-BE54-9A1E7A4F7556}") = "MachineLearningAppML.ConsoleApp", "MachineLearningAppML.ConsoleApp\MachineLearningAppML.ConsoleApp.csproj", "{0792430C-7F5A-4FB4-9C82-4EF38B425909}"
EndProject
Global
	GlobalSection(SolutionConfigurationPlatforms) = preSolution
		Debug|Any CPU = Debug|Any CPU
		Release|Any CPU = Release|Any CPU
	EndGlobalSection
	GlobalSection(ProjectConfigurationPlatforms) = postSolution
		{6F15A131-E55C-48FB-8BF4-1E3CB62061FA}.Debug|Any CPU.ActiveCfg = Debug|Any CPU
		{6F15A131-E55C-48FB-8BF4-1E3CB62061FA}.Debug|Any CPU.Build.0 = Debug|Any CPU
		{6F15A131-E55C-48FB-8BF4-1E3CB62061FA}.Release|Any CPU.ActiveCfg = Release|Any CPU
		{6F15A131-E55C-48FB-8BF4-1E3CB62061FA}.Release|Any CPU.Build.0 = Release|Any CPU
		{FCF5D43D-BA0E-42BA-96D8-E93D24A044C8}.Debug|Any CPU.ActiveCfg = Debug|Any CPU
		{FCF5D43D-BA0E-42BA-96D8-E93D24A044C8}.Debug|Any CPU.Build.0 = Debug|Any CPU
		{FCF5D43D-BA0E-42BA-96D8-E93D24A044C8}.Release|Any CPU.ActiveCfg = Release|Any CPU
		{FCF5D43D-BA0E-42BA-96D8-E93D24A044C8}.Release|Any CPU.Build.0 = Release|Any CPU
		{0792430C-7F5A-4FB4-9C82-4EF38B425909}.Debug|Any CPU.ActiveCfg = Debug|Any CPU
		{0792430C-7F5A-4FB4-9C82-4EF38B425909}.Debug|Any CPU.Build.0 = Debug|Any CPU
		{0792430C-7F5A-4FB4-9C82-4EF38B425909}.Release|Any CPU.ActiveCfg = Release|Any CPU
		{0792430C-7F5A-4FB4-9C82-4EF38B425909}.Release|Any CPU.Build.0 = Release|Any CPU
	EndGlobalSection
	GlobalSection(SolutionProperties) = preSolution
		HideSolutionNode = FALSE
	EndGlobalSection
	GlobalSection(ExtensibilityGlobals) = postSolution
		SolutionGuid = {5789732F-168A-4632-BA0A-4C6207F7DDD3}
	EndGlobalSection
EndGlobal
